
Microsoft Visual Studio Solution File, Format Version 12.00
# Visual Studio Version 17
VisualStudioVersion = 17.11.35312.102
MinimumVisualStudioVersion = 10.0.40219.1
Project("{FAE04EC0-301F-11D3-BF4B-00C04F79EFBC}") = "diskassessment4", "diskassessment4.csproj", "{F003CC77-756A-43BC-A50D-E6786DDA4016}"
EndProject
Global
	GlobalSection(SolutionConfigurationPlatforms) = preSolution
		Debug|Any CPU = Debug|Any CPU
		Release|Any CPU = Release|Any CPU
	EndGlobalSection
	GlobalSection(ProjectConfigurationPlatforms) = postSolution
		{F003CC77-756A-43BC-A50D-E6786DDA4016}.Debug|Any CPU.ActiveCfg = Debug|Any CPU
		{F003CC77-756A-43BC-A50D-E6786DDA4016}.Debug|Any CPU.Build.0 = Debug|Any CPU
		{F003CC77-756A-43BC-A50D-E6786DDA4016}.Release|Any CPU.ActiveCfg = Release|Any CPU
		{F003CC77-756A-43BC-A50D-E6786DDA4016}.Release|Any CPU.Build.0 = Release|Any CPU
	EndGlobalSection
	GlobalSection(SolutionProperties) = preSolution
		HideSolutionNode = FALSE
	EndGlobalSection
	GlobalSection(ExtensibilityGlobals) = postSolution
		SolutionGuid = {DC24DA8F-A384-48D8-98DD-9A331E885E0D}
	EndGlobalSection
EndGlobal
